{
  "name": "cleancoach",
  "version": "0.1.6",
  "lockfileVersion": 1,
  "requires": true,
  "dependencies": {
    "affectimo": {
      "version": "3.1.0",
      "resolved": "https://registry.npmjs.org/affectimo/-/affectimo-3.1.0.tgz",
      "integrity": "sha512-PA4uV+f6aJd945zKiH+mRyCA7t4gxQf0Z5vuqKsheitSC+YxD0fvg5CkW7fulVOMSOBaJdHxj+khzLQ9510Xmw==",
      "requires": {
        "async": "^2.6.1",
        "british_american_translate": "^1.0.1",
        "happynodetokenizer": "^0.4.0",
        "lex-helpers": "^0.3.1",
        "simplengrams": "^0.3.2"
      }
    },
    "async": {
      "version": "2.6.1",
      "resolved": "https://registry.npmjs.org/async/-/async-2.6.1.tgz",
      "integrity": "sha512-fNEiL2+AZt6AlAw/29Cr0UDe4sRAHCpEHh54WMz+Bb7QfNcFw4h3loofyJpLeQs4Yx7yuqu/2dLgM5hKOs6HlQ==",
      "requires": {
        "lodash": "^4.17.10"
      }
    },
    "british_american_translate": {
      "version": "1.0.2",
      "resolved": "https://registry.npmjs.org/british_american_translate/-/british_american_translate-1.0.2.tgz",
      "integrity": "sha512-wR/ltGabeUCSYWrxD8MlCi+VXdNY+KiOSHV05tS22MwWACgmKEDSjtSzsE/H1mbTG2i6EDqgOcj5OGKNkiAfUA=="
    },
    "compromise": {
      "version": "11.12.3",
      "resolved": "https://registry.npmjs.org/compromise/-/compromise-11.12.3.tgz",
      "integrity": "sha512-GKYkXMG3wCo/LDXqPRUKzOaria/wGjNi4o3U7wgtj+Z/5rl8sEUMTx2uBvHU3CDonw6kyo9qzZWrdIn8ajeEwQ==",
      "requires": {
        "efrt-unpack": "2.0.3"
      }
    },
    "decimal.js-light": {
      "version": "2.5.0",
      "resolved": "https://registry.npmjs.org/decimal.js-light/-/decimal.js-light-2.5.0.tgz",
      "integrity": "sha512-b3VJCbd2hwUpeRGG3Toob+CRo8W22xplipNhP3tN7TSVB/cyMX71P1vM2Xjc9H74uV6dS2hDDmo/rHq8L87Upg=="
    },
    "efrt-unpack": {
      "version": "2.0.3",
      "resolved": "https://registry.npmjs.org/efrt-unpack/-/efrt-unpack-2.0.3.tgz",
      "integrity": "sha512-ocvMy2FUrwdO8mfbe8abpb9hEC8GqifH5/VONgb9aPNOTakRcJVTaLMBG6TBQ64Y7qEVABIkVA9jacdKJErE+g=="
    },
    "happynodetokenizer": {
      "version": "0.4.1",
      "resolved": "https://registry.npmjs.org/happynodetokenizer/-/happynodetokenizer-0.4.1.tgz",
      "integrity": "sha512-qfH3qvPiYPNRmZNBP/zQ3CynXncx4t1QBxi3tG3PNOGcIzmOafbOWg5kzVCHOuT3XejvliirL8kfRF4LME/4oA==",
      "requires": {
        "he": "^1.1.1"
      }
    },
    "he": {
      "version": "1.2.0",
      "resolved": "https://registry.npmjs.org/he/-/he-1.2.0.tgz",
      "integrity": "sha512-F/1DnUGPopORZi0ni+CvrCgHQ5FyEAHRLSApuYWMmrbSwoN2Mn/7k+Gl38gJnR7yyDZk6WLXwiGod1JOWNDKGw=="
    },
    "lex-helpers": {
      "version": "0.3.1",
      "resolved": "https://registry.npmjs.org/lex-helpers/-/lex-helpers-0.3.1.tgz",
      "integrity": "sha512-5ho7/mX9r1W0WF9b5xOyIshLEPOZTR/Srn9K4lyMPwsGwDZRW3/NOnbHeUN6/WIE4sOgeBCybGno3MLp9ezvKA==",
      "requires": {
        "async": "^2.6.1"
      }
    },
    "lodash": {
      "version": "4.17.11",
      "resolved": "https://registry.npmjs.org/lodash/-/lodash-4.17.11.tgz",
      "integrity": "sha512-cQKh8igo5QUhZ7lg38DYWAxMvjSAKG0A8wGSVimP07SIUEK2UO+arSRKbRZWtelMtN5V0Hkwh5ryOto/SshYIg=="
    },
    "optimismo": {
      "version": "4.0.1",
      "resolved": "https://registry.npmjs.org/optimismo/-/optimismo-4.0.1.tgz",
      "integrity": "sha512-5tEfSq3fnmLka9KVwJ+c4Zn4Vw0PFN1EUrXCs/Ilibj71rVR6stACGbzjLcCKK2X5qkKzt78mzHZlkd/XW3mOA==",
      "requires": {
        "async": "^2.6.1",
        "british_american_translate": "^1.0.2",
        "happynodetokenizer": "^0.4.1",
        "lex-helpers": "^0.4.0",
        "simplengrams": "^0.3.3"
      },
      "dependencies": {
        "lex-helpers": {
          "version": "0.4.0",
          "resolved": "https://registry.npmjs.org/lex-helpers/-/lex-helpers-0.4.0.tgz",
          "integrity": "sha512-g3ptDcpw73Pt5q7hIVGQbdIhzlqYZCFpDudUtD/hWa9C/WamIWIassmCqnwF145qMMl/Q09tBStfii/K+gRFtA==",
          "requires": {
            "async": "^2.6.1",
            "decimal.js-light": "^2.4.1"
          }
        }
      }
    },
    "predictage": {
      "version": "4.0.1",
      "resolved": "https://registry.npmjs.org/predictage/-/predictage-4.0.1.tgz",
      "integrity": "sha512-MNK5gIQ9FZr7yPEoG5f9C/S0nhDgNpcW8ifkAGRNqYfn85gAKOomy7qKXA35WVrhQSPWwUvdETkY5bEdcPo/CQ==",
      "requires": {
        "async": "^2.6.1",
        "british_american_translate": "^1.0.2",
        "happynodetokenizer": "^0.4.1",
        "lex-helpers": "^0.4.0"
      },
      "dependencies": {
        "lex-helpers": {
          "version": "0.4.0",
          "resolved": "https://registry.npmjs.org/lex-helpers/-/lex-helpers-0.4.0.tgz",
          "integrity": "sha512-g3ptDcpw73Pt5q7hIVGQbdIhzlqYZCFpDudUtD/hWa9C/WamIWIassmCqnwF145qMMl/Q09tBStfii/K+gRFtA==",
          "requires": {
            "async": "^2.6.1",
            "decimal.js-light": "^2.4.1"
          }
        }
      }
    },
    "predictgender": {
      "version": "4.0.0",
      "resolved": "https://registry.npmjs.org/predictgender/-/predictgender-4.0.0.tgz",
      "integrity": "sha512-33/UnVFf8LHqk8M2tV0esHRZwyF65RgdERpx/LQOfdqdhSC0v3nmaoD3CK8gL/MAkCl5nIH2+zcL3S7iPsKSTg==",
      "requires": {
        "british_american_translate": "^1.0.2",
        "happynodetokenizer": "^0.4.1",
        "lex-helpers": "^0.4.0"
      },
      "dependencies": {
        "lex-helpers": {
          "version": "0.4.0",
          "resolved": "https://registry.npmjs.org/lex-helpers/-/lex-helpers-0.4.0.tgz",
          "integrity": "sha512-g3ptDcpw73Pt5q7hIVGQbdIhzlqYZCFpDudUtD/hWa9C/WamIWIassmCqnwF145qMMl/Q09tBStfii/K+gRFtA==",
          "requires": {
            "async": "^2.6.1",
            "decimal.js-light": "^2.4.1"
          }
        }
      }
    },
    "prospectimo": {
      "version": "3.0.0",
      "resolved": "https://registry.npmjs.org/prospectimo/-/prospectimo-3.0.0.tgz",
      "integrity": "sha512-cmh5n5Qzx3HexfW3MpoMhHBrCNJxnakHDPXeJMQz5JNJuJEbPIG5kctP/JhHKwqVsqvu5aCcD+JHwk0g+hVgMQ==",
      "requires": {
        "async": "^2.6.0",
        "british_american_translate": "^1.0.1",
        "happynodetokenizer": "0.4.0",
        "lex-helpers": "0.3.0",
        "simplengrams": "0.3.2"
      },
      "dependencies": {
        "happynodetokenizer": {
          "version": "0.4.0",
          "resolved": "https://registry.npmjs.org/happynodetokenizer/-/happynodetokenizer-0.4.0.tgz",
          "integrity": "sha512-c7b68nQXhCjzaCuBoEbZshG+SjZq3j3NiTMZKRpez6mvKAFvorCAPJLz46orMPCPfy/rHAWZ5XuZvn6LiJVRtw==",
          "requires": {
            "he": "^1.1.1"
          }
        },
        "lex-helpers": {
          "version": "0.3.0",
          "resolved": "https://registry.npmjs.org/lex-helpers/-/lex-helpers-0.3.0.tgz",
          "integrity": "sha512-9cNhEuEr1ZKvn4ezFkPaxL/+TqahsC0SdtciG/PjewfAUUZmolLyXt2egaaPTotJVje/RzjyatG13LDmFGi4QA==",
          "requires": {
            "async": "^2.6.0"
          }
        },
        "simplengrams": {
          "version": "0.3.2",
          "resolved": "https://registry.npmjs.org/simplengrams/-/simplengrams-0.3.2.tgz",
          "integrity": "sha512-yzmGh235ai455kU3/eaSa3N8/op/gTiW4N2sx0KNOzXZ6P4eWChz6/3L17PbIg6VN1RAxqJ0DuRTgvFmk//+SQ==",
          "requires": {
            "happynodetokenizer": "^0.4.0"
          }
        }
      }
    },
    "simplengrams": {
      "version": "0.3.3",
      "resolved": "https://registry.npmjs.org/simplengrams/-/simplengrams-0.3.3.tgz",
      "integrity": "sha512-Y+DzQAMEnoRYElpFJo7KVNVmmVzYf0xUG5a6BU2UltO7m4VK+gx4we54H2VyC/CycgApII5HLQ8RBhpCVyvAdg==",
      "requires": {
        "happynodetokenizer": "^0.4.0"
      }
    },
    "wellbeing_analysis": {
      "version": "4.0.0",
      "resolved": "https://registry.npmjs.org/wellbeing_analysis/-/wellbeing_analysis-4.0.0.tgz",
      "integrity": "sha512-uAwkP/VtOYj36xK+8ShHezYSCpfvzm9K6KbFqvcvR64OzpC1W/I58o8Laq1awRpggmsPOMEIKgIruv7gzaUDyA==",
      "requires": {
        "async": "^2.6.1",
        "british_american_translate": "^1.0.2",
        "happynodetokenizer": "^0.4.1",
        "lex-helpers": "^0.4.0",
        "simplengrams": "^0.3.3"
      },
      "dependencies": {
        "lex-helpers": {
          "version": "0.4.0",
          "resolved": "https://registry.npmjs.org/lex-helpers/-/lex-helpers-0.4.0.tgz",
          "integrity": "sha512-g3ptDcpw73Pt5q7hIVGQbdIhzlqYZCFpDudUtD/hWa9C/WamIWIassmCqnwF145qMMl/Q09tBStfii/K+gRFtA==",
          "requires": {
            "async": "^2.6.1",
            "decimal.js-light": "^2.4.1"
          }
        }
      }
    }
  }
}
