{
  "name": "cleancoach",
  "version": "0.1.0",
  "lockfileVersion": 1,
  "requires": true,
  "dependencies": {
    "affectimo": {
      "version": "3.1.0",
      "resolved": "https://registry.npmjs.org/affectimo/-/affectimo-3.1.0.tgz",
      "integrity": "sha512-PA4uV+f6aJd945zKiH+mRyCA7t4gxQf0Z5vuqKsheitSC+YxD0fvg5CkW7fulVOMSOBaJdHxj+khzLQ9510Xmw==",
      "requires": {
        "async": "^2.6.1",
        "british_american_translate": "^1.0.1",
        "happynodetokenizer": "^0.4.0",
        "lex-helpers": "^0.3.1",
        "simplengrams": "^0.3.2"
      }
    },
    "async": {
      "version": "2.6.1",
      "resolved": "https://registry.npmjs.org/async/-/async-2.6.1.tgz",
      "integrity": "sha512-fNEiL2+AZt6AlAw/29Cr0UDe4sRAHCpEHh54WMz+Bb7QfNcFw4h3loofyJpLeQs4Yx7yuqu/2dLgM5hKOs6HlQ==",
      "requires": {
        "lodash": "^4.17.10"
      }
    },
    "british_american_translate": {
      "version": "1.0.1",
      "resolved": "https://registry.npmjs.org/british_american_translate/-/british_american_translate-1.0.1.tgz",
      "integrity": "sha512-8ZEQtFVuLLsSAJDe/3FfWr5ZSOG8424gCwCLWK/S/omU9699wPtEtwhg7m9qltww+lXKRStrmBEY33yu5KzpAw=="
    },
    "compromise": {
      "version": "11.12.0",
      "resolved": "https://registry.npmjs.org/compromise/-/compromise-11.12.0.tgz",
      "integrity": "sha512-UCkoAtKmaQnzzw6r7QwOAuW+3Rwjy+McV/7rxUObFzKvjYlQ5yZ/pl0lVzICL/AZoYXWTwg1ho20QXK/NYZNRA==",
      "requires": {
        "efrt-unpack": "2.0.3"
      }
    },
    "darktriad": {
      "version": "3.1.1",
      "resolved": "https://registry.npmjs.org/darktriad/-/darktriad-3.1.1.tgz",
      "integrity": "sha512-O1SXl8zcOYEdkNxz8Ua3UebXDJHt9G4pWzqXTQsRgEVnTEMBricwxMxD9rKC/fuwlq4IKouP+DvyD+sXb1tQHQ==",
      "requires": {
        "async": "^2.6.1",
        "british_american_translate": "^1.0.1",
        "happynodetokenizer": "^0.4.0",
        "lex-helpers": "^0.3.1",
        "simplengrams": "^0.3.2"
      },
      "dependencies": {
        "happynodetokenizer": {
          "version": "0.4.0",
          "resolved": "https://registry.npmjs.org/happynodetokenizer/-/happynodetokenizer-0.4.0.tgz",
          "integrity": "sha512-c7b68nQXhCjzaCuBoEbZshG+SjZq3j3NiTMZKRpez6mvKAFvorCAPJLz46orMPCPfy/rHAWZ5XuZvn6LiJVRtw==",
          "requires": {
            "he": "^1.1.1"
          }
        },
        "lex-helpers": {
          "version": "0.3.1",
          "resolved": "https://registry.npmjs.org/lex-helpers/-/lex-helpers-0.3.1.tgz",
          "integrity": "sha512-5ho7/mX9r1W0WF9b5xOyIshLEPOZTR/Srn9K4lyMPwsGwDZRW3/NOnbHeUN6/WIE4sOgeBCybGno3MLp9ezvKA==",
          "requires": {
            "async": "^2.6.1"
          }
        },
        "simplengrams": {
          "version": "0.3.2",
          "resolved": "https://registry.npmjs.org/simplengrams/-/simplengrams-0.3.2.tgz",
          "integrity": "sha512-yzmGh235ai455kU3/eaSa3N8/op/gTiW4N2sx0KNOzXZ6P4eWChz6/3L17PbIg6VN1RAxqJ0DuRTgvFmk//+SQ==",
          "requires": {
            "happynodetokenizer": "^0.4.0"
          }
        }
      }
    },
    "efrt-unpack": {
      "version": "2.0.3",
      "resolved": "https://registry.npmjs.org/efrt-unpack/-/efrt-unpack-2.0.3.tgz",
      "integrity": "sha512-ocvMy2FUrwdO8mfbe8abpb9hEC8GqifH5/VONgb9aPNOTakRcJVTaLMBG6TBQ64Y7qEVABIkVA9jacdKJErE+g=="
    },
    "happynodetokenizer": {
      "version": "0.4.0",
      "resolved": "https://registry.npmjs.org/happynodetokenizer/-/happynodetokenizer-0.4.0.tgz",
      "integrity": "sha512-c7b68nQXhCjzaCuBoEbZshG+SjZq3j3NiTMZKRpez6mvKAFvorCAPJLz46orMPCPfy/rHAWZ5XuZvn6LiJVRtw==",
      "requires": {
        "he": "^1.1.1"
      }
    },
    "he": {
      "version": "1.1.1",
      "resolved": "https://registry.npmjs.org/he/-/he-1.1.1.tgz",
      "integrity": "sha1-k0EP0hsAlzUVH4howvJx80J+I/0="
    },
    "lex-helpers": {
      "version": "0.3.1",
      "resolved": "https://registry.npmjs.org/lex-helpers/-/lex-helpers-0.3.1.tgz",
      "integrity": "sha512-5ho7/mX9r1W0WF9b5xOyIshLEPOZTR/Srn9K4lyMPwsGwDZRW3/NOnbHeUN6/WIE4sOgeBCybGno3MLp9ezvKA==",
      "requires": {
        "async": "^2.6.1"
      }
    },
    "lodash": {
      "version": "4.17.10",
      "resolved": "https://registry.npmjs.org/lodash/-/lodash-4.17.10.tgz",
      "integrity": "sha512-UejweD1pDoXu+AD825lWwp4ZGtSwgnpZxb3JDViD7StjQz+Nb/6l093lx4OQ0foGWNRoc19mWy7BzL+UAK2iVg=="
    },
    "moment": {
      "version": "2.22.2",
      "resolved": "https://registry.npmjs.org/moment/-/moment-2.22.2.tgz",
      "integrity": "sha1-PCV/mDn8DpP/UxSWMiOeuQeD/2Y="
    },
    "optimismo": {
      "version": "0.4.1",
      "resolved": "https://registry.npmjs.org/optimismo/-/optimismo-0.4.1.tgz",
      "integrity": "sha512-YPyNkHpVV8i6b8cWBKg7jqdu/5SpMs2IvYy2Zy1it/9l7xKbQQ6+gfk0UAqc5Ch2vmgaR7qr1GI0fRPKJyV7hw==",
      "requires": {
        "happynodetokenizer": "^0.1.2",
        "simplengrams": "^0.0.3"
      },
      "dependencies": {
        "happynodetokenizer": {
          "version": "0.1.2",
          "resolved": "https://registry.npmjs.org/happynodetokenizer/-/happynodetokenizer-0.1.2.tgz",
          "integrity": "sha512-nJNKkDLbQ9rCRU/qmIBuFQzarm9LEqHO90xNF1F0DdA1H8uR49ADcPOgnD8g899GSh6A8Yz+q8wVZbwQjsJCwg==",
          "requires": {
            "he": "^1.1.1"
          }
        },
        "simplengrams": {
          "version": "0.0.3",
          "resolved": "https://registry.npmjs.org/simplengrams/-/simplengrams-0.0.3.tgz",
          "integrity": "sha512-3eP+uWAh3J4rsU4P8qznOd1LBGvMFJvB+XgSqooZDvpjuHS1eMHkO1rfpDfo9tYFkCMDpGMWILw/xMTdvplTRw==",
          "requires": {
            "happynodetokenizer": "^0.1.2"
          }
        }
      }
    },
    "predictage": {
      "version": "3.1.0",
      "resolved": "https://registry.npmjs.org/predictage/-/predictage-3.1.0.tgz",
      "integrity": "sha512-NCE6ewkt+VE6wfGjn+i/iV9iXQc+y843xJeQ/BYeIBDieNzd7OhMI1+Jt3lWh54ApFjTVfiQGZ91jfIFzMInZQ==",
      "requires": {
        "async": "^2.6.1",
        "british_american_translate": "^1.0.1",
        "happynodetokenizer": "^0.4.0",
        "lex-helpers": "^0.3.1",
        "simplengrams": "^0.3.2"
      },
      "dependencies": {
        "happynodetokenizer": {
          "version": "0.4.0",
          "resolved": "https://registry.npmjs.org/happynodetokenizer/-/happynodetokenizer-0.4.0.tgz",
          "integrity": "sha512-c7b68nQXhCjzaCuBoEbZshG+SjZq3j3NiTMZKRpez6mvKAFvorCAPJLz46orMPCPfy/rHAWZ5XuZvn6LiJVRtw==",
          "requires": {
            "he": "^1.1.1"
          }
        },
        "lex-helpers": {
          "version": "0.3.1",
          "resolved": "https://registry.npmjs.org/lex-helpers/-/lex-helpers-0.3.1.tgz",
          "integrity": "sha512-5ho7/mX9r1W0WF9b5xOyIshLEPOZTR/Srn9K4lyMPwsGwDZRW3/NOnbHeUN6/WIE4sOgeBCybGno3MLp9ezvKA==",
          "requires": {
            "async": "^2.6.1"
          }
        },
        "simplengrams": {
          "version": "0.3.2",
          "resolved": "https://registry.npmjs.org/simplengrams/-/simplengrams-0.3.2.tgz",
          "integrity": "sha512-yzmGh235ai455kU3/eaSa3N8/op/gTiW4N2sx0KNOzXZ6P4eWChz6/3L17PbIg6VN1RAxqJ0DuRTgvFmk//+SQ==",
          "requires": {
            "happynodetokenizer": "^0.4.0"
          }
        }
      }
    },
    "predictgender": {
      "version": "3.0.0",
      "resolved": "https://registry.npmjs.org/predictgender/-/predictgender-3.0.0.tgz",
      "integrity": "sha512-jX2c5s0sNJxu/4q30hV4nUUfaJv0JlPd15JI2lv99t+7iQo9iEfF1MuONgGbMyW8ziM/3CB26iUlVxbzlOzf2w==",
      "requires": {
        "async": "^2.6.0",
        "british_american_translate": "^1.0.1",
        "happynodetokenizer": "^0.4.0",
        "lex-helpers": "^0.3.0",
        "simplengrams": "^0.3.2"
      },
      "dependencies": {
        "happynodetokenizer": {
          "version": "0.4.0",
          "resolved": "https://registry.npmjs.org/happynodetokenizer/-/happynodetokenizer-0.4.0.tgz",
          "integrity": "sha512-c7b68nQXhCjzaCuBoEbZshG+SjZq3j3NiTMZKRpez6mvKAFvorCAPJLz46orMPCPfy/rHAWZ5XuZvn6LiJVRtw==",
          "requires": {
            "he": "^1.1.1"
          }
        },
        "lex-helpers": {
          "version": "0.3.1",
          "resolved": "https://registry.npmjs.org/lex-helpers/-/lex-helpers-0.3.1.tgz",
          "integrity": "sha512-5ho7/mX9r1W0WF9b5xOyIshLEPOZTR/Srn9K4lyMPwsGwDZRW3/NOnbHeUN6/WIE4sOgeBCybGno3MLp9ezvKA==",
          "requires": {
            "async": "^2.6.1"
          }
        },
        "simplengrams": {
          "version": "0.3.2",
          "resolved": "https://registry.npmjs.org/simplengrams/-/simplengrams-0.3.2.tgz",
          "integrity": "sha512-yzmGh235ai455kU3/eaSa3N8/op/gTiW4N2sx0KNOzXZ6P4eWChz6/3L17PbIg6VN1RAxqJ0DuRTgvFmk//+SQ==",
          "requires": {
            "happynodetokenizer": "^0.4.0"
          }
        }
      }
    },
    "prospectimo": {
      "version": "3.0.0",
      "resolved": "https://registry.npmjs.org/prospectimo/-/prospectimo-3.0.0.tgz",
      "integrity": "sha512-cmh5n5Qzx3HexfW3MpoMhHBrCNJxnakHDPXeJMQz5JNJuJEbPIG5kctP/JhHKwqVsqvu5aCcD+JHwk0g+hVgMQ==",
      "requires": {
        "async": "^2.6.0",
        "british_american_translate": "^1.0.1",
        "happynodetokenizer": "0.4.0",
        "lex-helpers": "0.3.0",
        "simplengrams": "0.3.2"
      },
      "dependencies": {
        "happynodetokenizer": {
          "version": "0.4.0",
          "resolved": "https://registry.npmjs.org/happynodetokenizer/-/happynodetokenizer-0.4.0.tgz",
          "integrity": "sha512-c7b68nQXhCjzaCuBoEbZshG+SjZq3j3NiTMZKRpez6mvKAFvorCAPJLz46orMPCPfy/rHAWZ5XuZvn6LiJVRtw==",
          "requires": {
            "he": "^1.1.1"
          }
        },
        "lex-helpers": {
          "version": "0.3.0",
          "resolved": "https://registry.npmjs.org/lex-helpers/-/lex-helpers-0.3.0.tgz",
          "integrity": "sha512-9cNhEuEr1ZKvn4ezFkPaxL/+TqahsC0SdtciG/PjewfAUUZmolLyXt2egaaPTotJVje/RzjyatG13LDmFGi4QA==",
          "requires": {
            "async": "^2.6.0"
          }
        },
        "simplengrams": {
          "version": "0.3.2",
          "resolved": "https://registry.npmjs.org/simplengrams/-/simplengrams-0.3.2.tgz",
          "integrity": "sha512-yzmGh235ai455kU3/eaSa3N8/op/gTiW4N2sx0KNOzXZ6P4eWChz6/3L17PbIg6VN1RAxqJ0DuRTgvFmk//+SQ==",
          "requires": {
            "happynodetokenizer": "^0.4.0"
          }
        }
      }
    },
    "simplengrams": {
      "version": "0.3.2",
      "resolved": "https://registry.npmjs.org/simplengrams/-/simplengrams-0.3.2.tgz",
      "integrity": "sha512-yzmGh235ai455kU3/eaSa3N8/op/gTiW4N2sx0KNOzXZ6P4eWChz6/3L17PbIg6VN1RAxqJ0DuRTgvFmk//+SQ==",
      "requires": {
        "happynodetokenizer": "^0.4.0"
      }
    },
    "wellbeing_analysis": {
      "version": "3.1.0",
      "resolved": "https://registry.npmjs.org/wellbeing_analysis/-/wellbeing_analysis-3.1.0.tgz",
      "integrity": "sha512-qb39WqxB7foJ/W8lNCKpqEFBFXlVJS8+Mb18YtoCxbuZ/hDy89boqhbI/I2qoZkbMRy2qSXSRPhsQ4nueD+LqA==",
      "requires": {
        "async": "^2.6.1",
        "british_american_translate": "^1.0.1",
        "happynodetokenizer": "^0.4.0",
        "lex-helpers": "^0.3.1",
        "simplengrams": "^0.3.2"
      },
      "dependencies": {
        "happynodetokenizer": {
          "version": "0.4.0",
          "resolved": "https://registry.npmjs.org/happynodetokenizer/-/happynodetokenizer-0.4.0.tgz",
          "integrity": "sha512-c7b68nQXhCjzaCuBoEbZshG+SjZq3j3NiTMZKRpez6mvKAFvorCAPJLz46orMPCPfy/rHAWZ5XuZvn6LiJVRtw==",
          "requires": {
            "he": "^1.1.1"
          }
        },
        "lex-helpers": {
          "version": "0.3.1",
          "resolved": "https://registry.npmjs.org/lex-helpers/-/lex-helpers-0.3.1.tgz",
          "integrity": "sha512-5ho7/mX9r1W0WF9b5xOyIshLEPOZTR/Srn9K4lyMPwsGwDZRW3/NOnbHeUN6/WIE4sOgeBCybGno3MLp9ezvKA==",
          "requires": {
            "async": "^2.6.1"
          }
        },
        "simplengrams": {
          "version": "0.3.2",
          "resolved": "https://registry.npmjs.org/simplengrams/-/simplengrams-0.3.2.tgz",
          "integrity": "sha512-yzmGh235ai455kU3/eaSa3N8/op/gTiW4N2sx0KNOzXZ6P4eWChz6/3L17PbIg6VN1RAxqJ0DuRTgvFmk//+SQ==",
          "requires": {
            "happynodetokenizer": "^0.4.0"
          }
        }
      }
    }
  }
}
